
Microsoft Visual Studio Solution File, Format Version 12.00
# Visual Studio Version 17
VisualStudioVersion = 17.0.31903.59
MinimumVisualStudioVersion = 10.0.40219.1
Project("{FAE04EC0-301F-11D3-BF4B-00C04F79EFBC}") = "FinaFlow.Api", "FinaFlow.Api\FinaFlow.Api.csproj", "{3D8610EB-04C4-46D0-AEEA-2675A48405E6}"
EndProject
Project("{FAE04EC0-301F-11D3-BF4B-00C04F79EFBC}") = "FinaFlow.Core", "FinaFlow.Core\FinaFlow.Core.csproj", "{C894E8A3-245F-45D7-B8F9-4C3997850357}"
EndProject
Project("{FAE04EC0-301F-11D3-BF4B-00C04F79EFBC}") = "FinaFlow.Web", "FinaFlow.Web\FinaFlow.Web.csproj", "{553353BD-FEAE-4B12-A73B-B79AD0077EFA}"
EndProject
Global
	GlobalSection(SolutionConfigurationPlatforms) = preSolution
		Debug|Any CPU = Debug|Any CPU
		Release|Any CPU = Release|Any CPU
	EndGlobalSection
	GlobalSection(SolutionProperties) = preSolution
		HideSolutionNode = FALSE
	EndGlobalSection
	GlobalSection(ProjectConfigurationPlatforms) = postSolution
		{3D8610EB-04C4-46D0-AEEA-2675A48405E6}.Debug|Any CPU.ActiveCfg = Debug|Any CPU
		{3D8610EB-04C4-46D0-AEEA-2675A48405E6}.Debug|Any CPU.Build.0 = Debug|Any CPU
		{3D8610EB-04C4-46D0-AEEA-2675A48405E6}.Release|Any CPU.ActiveCfg = Release|Any CPU
		{3D8610EB-04C4-46D0-AEEA-2675A48405E6}.Release|Any CPU.Build.0 = Release|Any CPU
		{C894E8A3-245F-45D7-B8F9-4C3997850357}.Debug|Any CPU.ActiveCfg = Debug|Any CPU
		{C894E8A3-245F-45D7-B8F9-4C3997850357}.Debug|Any CPU.Build.0 = Debug|Any CPU
		{C894E8A3-245F-45D7-B8F9-4C3997850357}.Release|Any CPU.ActiveCfg = Release|Any CPU
		{C894E8A3-245F-45D7-B8F9-4C3997850357}.Release|Any CPU.Build.0 = Release|Any CPU
		{553353BD-FEAE-4B12-A73B-B79AD0077EFA}.Debug|Any CPU.ActiveCfg = Debug|Any CPU
		{553353BD-FEAE-4B12-A73B-B79AD0077EFA}.Debug|Any CPU.Build.0 = Debug|Any CPU
		{553353BD-FEAE-4B12-A73B-B79AD0077EFA}.Release|Any CPU.ActiveCfg = Release|Any CPU
		{553353BD-FEAE-4B12-A73B-B79AD0077EFA}.Release|Any CPU.Build.0 = Release|Any CPU
	EndGlobalSection
EndGlobal
